PODS:
  - RevolutionRoboticsBlockly (0.1.2)

DEPENDENCIES:
  - RevolutionRoboticsBlockly (from `../`)

EXTERNAL SOURCES:
  RevolutionRoboticsBlockly:
    :path: "../"

SPEC CHECKSUMS:
  RevolutionRoboticsBlockly: f97619e33c3f0062e92fbb49a39b8cd7f7d32ed7

PODFILE CHECKSUM: 0841fe670f11d88a372076cac7082a0cf9256081

COCOAPODS: 1.6.1
