PODS:
  - RevolutionRoboticsBlockly (0.1.2):
    - WKWebViewJavascriptBridge (~> 1.2.0)
  - WKWebViewJavascriptBridge (1.2.0)

DEPENDENCIES:
  - RevolutionRoboticsBlockly (from `../`)

SPEC REPOS:
  https://github.com/cocoapods/specs.git:
    - WKWebViewJavascriptBridge

EXTERNAL SOURCES:
  RevolutionRoboticsBlockly:
    :path: "../"

SPEC CHECKSUMS:
  RevolutionRoboticsBlockly: d44590882291ff155337656deb4bd0574e506a82
  WKWebViewJavascriptBridge: 43c5948c08c29b8777530d512d02eb921ca0881f

PODFILE CHECKSUM: d7b3ed0b17fe2b1e04e8516aeabe392c13296224

COCOAPODS: 1.6.1
