PODS:
  - RevolutionRoboticsBlockly (0.1.0)

DEPENDENCIES:
  - RevolutionRoboticsBlockly (from `../`)

EXTERNAL SOURCES:
  RevolutionRoboticsBlockly:
    :path: "../"

SPEC CHECKSUMS:
  RevolutionRoboticsBlockly: 2980323e22625bdbcd31bbb5942b2aed4ff77ef7

PODFILE CHECKSUM: 0841fe670f11d88a372076cac7082a0cf9256081

COCOAPODS: 1.6.1
